{
  "name": "apg",
  "version": "0.4.5",
  "lockfileVersion": 1,
  "requires": true,
  "dependencies": {
    "@shexjs/eval-simple-1err": {
      "version": "file:shex.js/packages/eval-simple-1err",
      "dev": true,
      "requires": {
        "@shexjs/term": "file:shex.js/packages/shex-term"
      }
    },
    "@shexjs/eval-threaded-nerr": {
      "version": "file:shex.js/packages/eval-threaded-nerr",
      "dev": true,
      "requires": {
        "@shexjs/term": "file:shex.js/packages/shex-term"
      }
    },
    "@shexjs/term": {
      "version": "file:shex.js/packages/shex-term",
      "dev": true
    },
    "@shexjs/util": {
      "version": "file:shex.js/packages/shex-util",
      "dev": true,
      "requires": {
        "@shexjs/term": "file:shex.js/packages/shex-term",
        "@shexjs/validator": "file:shex.js/packages/shex-validator",
        "@shexjs/visitor": "file:shex.js/packages/shex-visitor",
        "@shexjs/writer": "file:shex.js/packages/shex-writer",
        "hierarchy-closure": "^1.2.1"
      }
    },
    "@shexjs/validator": {
      "version": "file:shex.js/packages/shex-validator",
      "dev": true,
      "requires": {
        "@shexjs/eval-simple-1err": "file:shex.js/packages/eval-simple-1err",
        "@shexjs/eval-threaded-nerr": "file:shex.js/packages/eval-threaded-nerr",
        "@shexjs/visitor": "file:shex.js/packages/shex-visitor"
      }
    },
    "@shexjs/visitor": {
      "version": "file:shex.js/packages/shex-visitor",
      "dev": true
    },
    "@shexjs/writer": {
      "version": "file:shex.js/packages/shex-writer",
      "dev": true
    },
    "@types/cbor": {
      "version": "5.0.1",
      "resolved": "https://registry.npmjs.org/@types/cbor/-/cbor-5.0.1.tgz",
      "integrity": "sha512-zVqJy2KzusZPLOgyGJDnOIbu3DxIGGqxYbEwtEEe4Z+la8jwIhOyb+GMrlHafs5tvKruwf8f8qOYP6zTvse/pw==",
      "requires": {
        "@types/node": "*"
      }
    },
    "@types/node": {
      "version": "14.10.2",
      "resolved": "https://registry.npmjs.org/@types/node/-/node-14.10.2.tgz",
      "integrity": "sha512-IzMhbDYCpv26pC2wboJ4MMOa9GKtjplXfcAqrMeNJpUUwpM/2ATt2w1JPUXwS6spu856TvKZL2AOmeU2rAxskw=="
    },
    "@types/rdf-canonize": {
      "version": "gist:dc406f4c567dcab1da98cf19b2b8a6d8#387670f4bc42503e4159916bd3e9ec4e49625ba1",
      "from": "gist:dc406f4c567dcab1da98cf19b2b8a6d8",
      "dev": true
    },
    "@types/rdf-js": {
      "version": "4.0.0",
      "resolved": "https://registry.npmjs.org/@types/rdf-js/-/rdf-js-4.0.0.tgz",
      "integrity": "sha512-2uaR7ks0380MqzUWGOPOOk9yZIr/6MOaCcaj3ntKgd2PqNocgi8j5kSHIJTDe+5ABtTHqKMSE0v0UqrsT8ibgQ==",
      "requires": {
        "@types/node": "*"
      }
    },
    "@types/shexjs": {
      "version": "gist:423141cd96c858931f618fbf97fdc1b9#d47b391364956f2c548abde19938a1cd02fd7360",
      "from": "gist:423141cd96c858931f618fbf97fdc1b9",
      "requires": {
        "@types/rdf-js": "^4.0.0"
      }
    },
    "@types/signed-varint": {
      "version": "gist:b46025b5175e06c1586d714dc0960443#5d7a8bac58846e0a86186d2ac33a4bf13940431a",
      "from": "gist:b46025b5175e06c1586d714dc0960443"
    },
    "@types/uuid": {
      "version": "8.3.0",
      "resolved": "https://registry.npmjs.org/@types/uuid/-/uuid-8.3.0.tgz",
      "integrity": "sha512-eQ9qFW/fhfGJF8WKHGEHZEyVWfZxrT+6CLIJGBcZPfxUh/+BnEj+UCGYMlr9qZuX/2AltsvwrGqp0LhEW8D0zQ=="
    },
    "@types/varint": {
      "version": "5.0.0",
      "resolved": "https://registry.npmjs.org/@types/varint/-/varint-5.0.0.tgz",
      "integrity": "sha512-dIJiYqeDnYQ5Bc4mv+E5prqFIQlUTM1yDzwC5VQfL29pcYlm/5q1shY/MjbBT1FQAU5gzKE10DdGbu8B2EoFQg==",
      "requires": {
        "@types/node": "*"
      }
    },
    "base64-js": {
      "version": "1.3.1",
      "resolved": "https://registry.npmjs.org/base64-js/-/base64-js-1.3.1.tgz",
      "integrity": "sha512-mLQ4i2QO1ytvGWFWmcngKO//JXAQueZvwEKtjgQFM4jIK0kU+ytMfplL8j+n5mspOfjHwoAg+9yhb7BwAHm36g=="
    },
    "bignumber.js": {
      "version": "9.0.1",
      "resolved": "https://registry.npmjs.org/bignumber.js/-/bignumber.js-9.0.1.tgz",
      "integrity": "sha512-IdZR9mh6ahOBv/hYGiXyVuyCetmGJhtYkqLBpTStdhEGjegpPlUawydyaF3pbIOFynJTpllEs+NP+CS9jKFLjA=="
    },
    "buffer": {
      "version": "5.6.1",
      "resolved": "https://registry.npmjs.org/buffer/-/buffer-5.6.1.tgz",
      "integrity": "sha512-2z15UUHpS9/3tk9mY/q+Rl3rydOi7yMp5XWNQnRvoz+mJwiv8brqYwp9a+nOCtma6dwuEIxljD8W3ysVBZ05Vg==",
      "requires": {
        "base64-js": "^1.3.1",
        "ieee754": "^1.1.13"
      }
    },
    "cbor": {
      "version": "5.1.0",
      "resolved": "https://registry.npmjs.org/cbor/-/cbor-5.1.0.tgz",
      "integrity": "sha512-qzEc7kUShdMbWTaUH7X+aHW8owvBU3FS0dfYR1lGYpoZr0mGJhhojLlZJH653x/DfeMZ56h315FRNBUIG1R7qg==",
      "requires": {
        "bignumber.js": "^9.0.0",
        "nofilter": "^1.0.4"
      }
    },
    "fp-ts": {
      "version": "2.8.4",
      "resolved": "https://registry.npmjs.org/fp-ts/-/fp-ts-2.8.4.tgz",
      "integrity": "sha512-J+kwce5SysU0YKuZ3aCnFk+dyezZD1mij6u26w1fCVfuLYgJR4eeXmVfJiUjthpZ+4yCRkRfcwMI5SkGw52oFA==",
      "dev": true
    },
    "hierarchy-closure": {
      "version": "1.2.1",
      "resolved": "https://registry.npmjs.org/hierarchy-closure/-/hierarchy-closure-1.2.1.tgz",
      "integrity": "sha512-3Lm4gqKditachEhU94qyd5YtyfVOcKAs3WZVAd62DxQGLaA1ZU4mGPg7bOvgm9JTzWbcXoipTikYRvrflY7Orw==",
      "dev": true
    },
    "ieee754": {
      "version": "1.1.13",
      "resolved": "https://registry.npmjs.org/ieee754/-/ieee754-1.1.13.tgz",
      "integrity": "sha512-4vf7I2LYV/HaWerSo3XmlMkp5eZ83i+/CDluXi/IGTs/O1sejBNhTtnxzmRZfvOUqj7lZjqHkeTvpgSFDlWZTg=="
    },
    "io-ts": {
      "version": "2.2.11",
      "resolved": "https://registry.npmjs.org/io-ts/-/io-ts-2.2.11.tgz",
      "integrity": "sha512-lGxyPvZNhmo1U1Hy0ovjRtXljG6F59R3bZErK9XjiIQPlt4nuzbDNSwvalXvS7Z8iSZhx2S5GpNz5tVhpnDf6w==",
      "dev": true
    },
    "n3.ts": {
      "version": "0.1.5",
      "resolved": "https://registry.npmjs.org/n3.ts/-/n3.ts-0.1.5.tgz",
      "integrity": "sha512-dydP4Ckd0QnmOOKa4QpEAprcNSv52gP3yGINzucDupRWTmwV2ieiEILYPOiabydhRi0shr6Ari+iNBST86DMmA==",
      "requires": {
        "@types/rdf-js": "^4.0.0"
      }
    },
    "node-forge": {
      "version": "0.10.0",
      "resolved": "https://registry.npmjs.org/node-forge/-/node-forge-0.10.0.tgz",
      "integrity": "sha512-PPmu8eEeG9saEUvI97fm4OYxXVB6bFvyNTyiUOBichBpFG8A1Ljw3bY62+5oOjDEMHRnd0Y7HQ+x7uzxOzC6JA==",
      "dev": true
    },
    "nofilter": {
      "version": "1.0.4",
      "resolved": "https://registry.npmjs.org/nofilter/-/nofilter-1.0.4.tgz",
      "integrity": "sha512-N8lidFp+fCz+TD51+haYdbDGrcBWwuHX40F5+z0qkUjMJ5Tp+rdSuAkMJ9N9eoolDlEVTf6u5icM+cNKkKW2mA=="
    },
    "rdf-canonize": {
      "version": "1.2.0",
      "resolved": "https://registry.npmjs.org/rdf-canonize/-/rdf-canonize-1.2.0.tgz",
      "integrity": "sha512-MQdcRDz4+82nUrEb3hNQangBDpmep15uMmnWclGi/1KS0bNVc8oHpoNI0PFLHZsvwgwRzH31bO1JAScqUAstvw==",
      "dev": true,
      "requires": {
        "node-forge": "^0.10.0",
        "semver": "^6.3.0"
      }
    },
    "semver": {
      "version": "6.3.0",
      "resolved": "https://registry.npmjs.org/semver/-/semver-6.3.0.tgz",
      "integrity": "sha512-b39TBaTSfV6yBrapU89p5fKekE2m/NwnDocOVruQFS1/veMgdzuPcnOM34M6CwxW8jH/lxEa5rBoDeUwu5HHTw==",
      "dev": true
    },
    "signed-varint": {
      "version": "2.0.1",
      "resolved": "https://registry.npmjs.org/signed-varint/-/signed-varint-2.0.1.tgz",
      "integrity": "sha1-UKmYnafJjCxh2tEZvJdHDvhSgSk=",
      "requires": {
        "varint": "~5.0.0"
      },
      "dependencies": {
        "varint": {
          "version": "5.0.2",
          "resolved": "https://registry.npmjs.org/varint/-/varint-5.0.2.tgz",
          "integrity": "sha512-lKxKYG6H03yCZUpAGOPOsMcGxd1RHCu1iKvEHYDPmTyq2HueGhD73ssNBqqQWfvYs04G9iUFRvmAVLW20Jw6ow=="
        }
      }
    },
    "typescript": {
      "version": "4.0.3",
      "resolved": "https://registry.npmjs.org/typescript/-/typescript-4.0.3.tgz",
      "integrity": "sha512-tEu6DGxGgRJPb/mVPIZ48e69xCn2yRmCgYmDugAVwmJ6o+0u1RI18eO7E7WBTLYLaEVVOhwQmcdhQHweux/WPg=="
    },
    "uuid": {
      "version": "8.3.1",
      "resolved": "https://registry.npmjs.org/uuid/-/uuid-8.3.1.tgz",
      "integrity": "sha512-FOmRr+FmWEIG8uhZv6C2bTgEVXsHk08kE7mPlrBbEe+c3r9pjceVPgupIfNIhc4yx55H69OXANrUaSuu9eInKg=="
    },
    "varint": {
      "version": "6.0.0",
      "resolved": "https://registry.npmjs.org/varint/-/varint-6.0.0.tgz",
      "integrity": "sha512-cXEIW6cfr15lFv563k4GuVuW/fiwjknytD37jIOLSdSWuOI6WnO/oKwmP2FQTU2l01LP8/M5TSAJpzUaGe3uWg=="
    }
  }
}
