{
  "name": "apg",
  "version": "0.1.2",
  "lockfileVersion": 1,
  "requires": true,
  "dependencies": {
    "@shexjs/eval-simple-1err": {
      "version": "file:shex.js/packages/eval-simple-1err",
      "dev": true,
      "requires": {
        "@shexjs/term": "file:shex.js/packages/shex-term"
      }
    },
    "@shexjs/eval-threaded-nerr": {
      "version": "file:shex.js/packages/eval-threaded-nerr",
      "dev": true,
      "requires": {
        "@shexjs/term": "file:shex.js/packages/shex-term"
      }
    },
    "@shexjs/term": {
      "version": "file:shex.js/packages/shex-term",
      "dev": true
    },
    "@shexjs/util": {
      "version": "file:shex.js/packages/shex-util",
      "dev": true,
      "requires": {
        "@shexjs/term": "file:shex.js/packages/shex-term",
        "@shexjs/validator": "file:shex.js/packages/shex-validator",
        "@shexjs/visitor": "file:shex.js/packages/shex-visitor",
        "@shexjs/writer": "file:shex.js/packages/shex-writer",
        "hierarchy-closure": "^1.2.1"
      }
    },
    "@shexjs/validator": {
      "version": "file:shex.js/packages/shex-validator",
      "dev": true,
      "requires": {
        "@shexjs/eval-simple-1err": "file:shex.js/packages/eval-simple-1err",
        "@shexjs/eval-threaded-nerr": "file:shex.js/packages/eval-threaded-nerr",
        "@shexjs/visitor": "file:shex.js/packages/shex-visitor"
      }
    },
    "@shexjs/visitor": {
      "version": "file:shex.js/packages/shex-visitor",
      "dev": true
    },
    "@shexjs/writer": {
      "version": "file:shex.js/packages/shex-writer",
      "dev": true
    },
    "@types/node": {
      "version": "14.10.2",
      "resolved": "https://registry.npmjs.org/@types/node/-/node-14.10.2.tgz",
      "integrity": "sha512-IzMhbDYCpv26pC2wboJ4MMOa9GKtjplXfcAqrMeNJpUUwpM/2ATt2w1JPUXwS6spu856TvKZL2AOmeU2rAxskw=="
    },
    "@types/rdf-js": {
      "version": "4.0.0",
      "resolved": "https://registry.npmjs.org/@types/rdf-js/-/rdf-js-4.0.0.tgz",
      "integrity": "sha512-2uaR7ks0380MqzUWGOPOOk9yZIr/6MOaCcaj3ntKgd2PqNocgi8j5kSHIJTDe+5ABtTHqKMSE0v0UqrsT8ibgQ==",
      "requires": {
        "@types/node": "*"
      }
    },
    "@types/shexjs": {
      "version": "gist:423141cd96c858931f618fbf97fdc1b9#ca1aba294f9cc17051e6afc318453eff2a12087d",
      "from": "gist:423141cd96c858931f618fbf97fdc1b9",
      "requires": {
        "@types/rdf-js": "^4.0.0"
      }
    },
    "hierarchy-closure": {
      "version": "1.2.1",
      "resolved": "https://registry.npmjs.org/hierarchy-closure/-/hierarchy-closure-1.2.1.tgz",
      "integrity": "sha512-3Lm4gqKditachEhU94qyd5YtyfVOcKAs3WZVAd62DxQGLaA1ZU4mGPg7bOvgm9JTzWbcXoipTikYRvrflY7Orw==",
      "dev": true
    },
    "n3.ts": {
      "version": "0.1.2",
      "resolved": "https://registry.npmjs.org/n3.ts/-/n3.ts-0.1.2.tgz",
      "integrity": "sha512-CMecCSQI/xNXeNnPzXwdE9PaCafW8uOZrlgMndRDzEnpT5Lii1iWWsqxhJXUNB9dujWDTeM7bLhY7OvhoKevJg==",
      "requires": {
        "@types/rdf-js": "^4.0.0"
      }
    }
  }
}
