{
	"name": "@underlay/apg-codec-table",
	"version": "1.1.1",
	"lockfileVersion": 1,
	"requires": true,
	"dependencies": {
		"@underlay/namespaces": {
			"version": "0.0.2",
			"resolved": "https://registry.npmjs.org/@underlay/namespaces/-/namespaces-0.0.2.tgz",
			"integrity": "sha512-FsSaQgWepCehQnw847e+SvvxyAcpebO5JsXnuh7lkW9Gk/HKKEClNPIs13qjlrqfb9LpO+CVFnq6g2d59iEavg=="
		},
		"fp-ts": {
			"version": "2.9.5",
			"resolved": "https://registry.npmjs.org/fp-ts/-/fp-ts-2.9.5.tgz",
			"integrity": "sha512-MiHrA5teO6t8zKArE3DdMPT/Db6v2GUt5yfWnhBTrrsVfeCJUUnV6sgFvjGNBKDmEMqVwRFkEePL7wPwqrLKKA==",
			"dev": true
		},
		"io-ts": {
			"version": "2.2.14",
			"resolved": "https://registry.npmjs.org/io-ts/-/io-ts-2.2.14.tgz",
			"integrity": "sha512-UWL1mdDe5YI4+/7YlrbsSwKmsECFFlWcVHT2CPGzeNODHj2qY0cibjulYfrfz5SCPoDAsjVP7vFKGcF+L10+SQ==",
			"dev": true
		},
		"typescript": {
			"version": "4.1.5",
			"resolved": "https://registry.npmjs.org/typescript/-/typescript-4.1.5.tgz",
			"integrity": "sha512-6OSu9PTIzmn9TCDiovULTnET6BgXtDYL4Gg4szY+cGsc3JP1dQL8qvE8kShTRx1NIw4Q9IBHlwODjkjWEtMUyA==",
			"dev": true
		}
	}
}
