{
	"name": "@underlay/apg-codec-table",
	"version": "1.2.2",
	"lockfileVersion": 2,
	"requires": true,
	"packages": {
		"": {
			"name": "@underlay/apg-codec-table",
			"version": "1.2.2",
			"license": "MIT",
			"dependencies": {
				"@underlay/namespaces": "0.0.2"
			},
			"devDependencies": {
				"fp-ts": "^2.9.3",
				"io-ts": "^2.2.13",
				"typescript": "^4.1.5"
			},
			"peerDependencies": {
				"@underlay/apg": "^1.2.0",
				"fp-ts": "^2.9.3",
				"io-ts": "^2.2.13"
			}
		},
		"node_modules/@underlay/apg": {
			"version": "1.2.0",
			"resolved": "https://registry.npmjs.org/@underlay/apg/-/apg-1.2.0.tgz",
			"integrity": "sha512-Hh7gO8eAlVKzcup5Sd7y9roT1M8Ok6W31MlDUdo911Mjc7V9cUr8Lz84THQ2IKHcew/B95aHcVl/I7czfQ6VMQ==",
			"peer": true
		},
		"node_modules/@underlay/namespaces": {
			"version": "0.0.2",
			"resolved": "https://registry.npmjs.org/@underlay/namespaces/-/namespaces-0.0.2.tgz",
			"integrity": "sha512-FsSaQgWepCehQnw847e+SvvxyAcpebO5JsXnuh7lkW9Gk/HKKEClNPIs13qjlrqfb9LpO+CVFnq6g2d59iEavg=="
		},
		"node_modules/fp-ts": {
			"version": "2.9.5",
			"resolved": "https://registry.npmjs.org/fp-ts/-/fp-ts-2.9.5.tgz",
			"integrity": "sha512-MiHrA5teO6t8zKArE3DdMPT/Db6v2GUt5yfWnhBTrrsVfeCJUUnV6sgFvjGNBKDmEMqVwRFkEePL7wPwqrLKKA==",
			"dev": true
		},
		"node_modules/io-ts": {
			"version": "2.2.14",
			"resolved": "https://registry.npmjs.org/io-ts/-/io-ts-2.2.14.tgz",
			"integrity": "sha512-UWL1mdDe5YI4+/7YlrbsSwKmsECFFlWcVHT2CPGzeNODHj2qY0cibjulYfrfz5SCPoDAsjVP7vFKGcF+L10+SQ==",
			"dev": true
		},
		"node_modules/typescript": {
			"version": "4.1.5",
			"resolved": "https://registry.npmjs.org/typescript/-/typescript-4.1.5.tgz",
			"integrity": "sha512-6OSu9PTIzmn9TCDiovULTnET6BgXtDYL4Gg4szY+cGsc3JP1dQL8qvE8kShTRx1NIw4Q9IBHlwODjkjWEtMUyA==",
			"dev": true,
			"bin": {
				"tsc": "bin/tsc",
				"tsserver": "bin/tsserver"
			},
			"engines": {
				"node": ">=4.2.0"
			}
		}
	},
	"dependencies": {
		"@underlay/apg": {
			"version": "1.2.0",
			"resolved": "https://registry.npmjs.org/@underlay/apg/-/apg-1.2.0.tgz",
			"integrity": "sha512-Hh7gO8eAlVKzcup5Sd7y9roT1M8Ok6W31MlDUdo911Mjc7V9cUr8Lz84THQ2IKHcew/B95aHcVl/I7czfQ6VMQ==",
			"peer": true
		},
		"@underlay/namespaces": {
			"version": "0.0.2",
			"resolved": "https://registry.npmjs.org/@underlay/namespaces/-/namespaces-0.0.2.tgz",
			"integrity": "sha512-FsSaQgWepCehQnw847e+SvvxyAcpebO5JsXnuh7lkW9Gk/HKKEClNPIs13qjlrqfb9LpO+CVFnq6g2d59iEavg=="
		},
		"fp-ts": {
			"version": "2.9.5",
			"resolved": "https://registry.npmjs.org/fp-ts/-/fp-ts-2.9.5.tgz",
			"integrity": "sha512-MiHrA5teO6t8zKArE3DdMPT/Db6v2GUt5yfWnhBTrrsVfeCJUUnV6sgFvjGNBKDmEMqVwRFkEePL7wPwqrLKKA==",
			"dev": true
		},
		"io-ts": {
			"version": "2.2.14",
			"resolved": "https://registry.npmjs.org/io-ts/-/io-ts-2.2.14.tgz",
			"integrity": "sha512-UWL1mdDe5YI4+/7YlrbsSwKmsECFFlWcVHT2CPGzeNODHj2qY0cibjulYfrfz5SCPoDAsjVP7vFKGcF+L10+SQ==",
			"dev": true
		},
		"typescript": {
			"version": "4.1.5",
			"resolved": "https://registry.npmjs.org/typescript/-/typescript-4.1.5.tgz",
			"integrity": "sha512-6OSu9PTIzmn9TCDiovULTnET6BgXtDYL4Gg4szY+cGsc3JP1dQL8qvE8kShTRx1NIw4Q9IBHlwODjkjWEtMUyA==",
			"dev": true
		}
	}
}
