{
	"name": "@underlay/apg-cli",
	"version": "1.2.6",
	"lockfileVersion": 2,
	"requires": true,
	"packages": {
		"": {
			"name": "@underlay/apg-cli",
			"version": "1.2.4",
			"license": "MIT",
			"dependencies": {
				"@underlay/apg-format-binary": "^1.2.4",
				"@underlay/apg-schema-schema": "^1.2.4",
				"yargs": "^16.2.0"
			},
			"bin": {
				"apg": "lib/index.js"
			},
			"devDependencies": {
				"@types/yargs": "^16.0.0",
				"@underlay/apg": "^1.2.4",
				"fp-ts": "2.9.5",
				"io-ts": "2.2.16",
				"typescript": "^4.2.3"
			},
			"peerDependencies": {
				"@underlay/apg": "^1.2.3",
				"fp-ts": "2.9.5",
				"io-ts": "2.2.16"
			}
		},
		"node_modules/@types/node": {
			"version": "14.14.31",
			"resolved": "https://registry.npmjs.org/@types/node/-/node-14.14.31.tgz",
			"integrity": "sha512-vFHy/ezP5qI0rFgJ7aQnjDXwAMrG0KqqIH7tQG5PPv3BWBayOPIQNBjVc/P6hhdZfMx51REc6tfDNXHUio893g=="
		},
		"node_modules/@types/signed-varint": {
			"resolved": "git+ssh://git@gist.github.com/b46025b5175e06c1586d714dc0960443.git"
		},
		"node_modules/@types/varint": {
			"version": "5.0.0",
			"resolved": "https://registry.npmjs.org/@types/varint/-/varint-5.0.0.tgz",
			"integrity": "sha512-dIJiYqeDnYQ5Bc4mv+E5prqFIQlUTM1yDzwC5VQfL29pcYlm/5q1shY/MjbBT1FQAU5gzKE10DdGbu8B2EoFQg==",
			"dependencies": {
				"@types/node": "*"
			}
		},
		"node_modules/@types/yargs": {
			"version": "16.0.0",
			"resolved": "https://registry.npmjs.org/@types/yargs/-/yargs-16.0.0.tgz",
			"integrity": "sha512-2nN6AGeMwe8+O6nO9ytQfbMQOJy65oi1yK2y/9oReR08DaXSGtMsrLyCM1ooKqfICpCx4oITaR4LkOmdzz41Ww==",
			"dev": true,
			"dependencies": {
				"@types/yargs-parser": "*"
			}
		},
		"node_modules/@types/yargs-parser": {
			"version": "20.2.0",
			"resolved": "https://registry.npmjs.org/@types/yargs-parser/-/yargs-parser-20.2.0.tgz",
			"integrity": "sha512-37RSHht+gzzgYeobbG+KWryeAW8J33Nhr69cjTqSYymXVZEN9NbRYWoYlRtDhHKPVT1FyNKwaTPC1NynKZpzRA==",
			"dev": true
		},
		"node_modules/@underlay/apg": {
			"version": "1.2.4",
			"resolved": "https://registry.npmjs.org/@underlay/apg/-/apg-1.2.4.tgz",
			"integrity": "sha512-vTwf1wMVI+BVcMS2cuoeGCpWsnGEUQ5ZqHYPsny2wezJ6GOynzQ+tfn/XTtmotEpurdxUiIntA0Pr60AVg57Tw=="
		},
		"node_modules/@underlay/apg-format-binary": {
			"version": "1.2.4",
			"resolved": "https://registry.npmjs.org/@underlay/apg-format-binary/-/apg-format-binary-1.2.4.tgz",
			"integrity": "sha512-MaAyuItbQjJ7Tw1ktPhmwhzHBYSTxJjFqA167nvjKOpcMnKYAbbAFhzWUYcEqz950LuCyVhAQQPwJoqf0V52jA==",
			"dependencies": {
				"@types/signed-varint": "gist:b46025b5175e06c1586d714dc0960443",
				"@types/varint": "^5.0.0",
				"@underlay/namespaces": "0.0.2",
				"bignumber.js": "^9.0.1",
				"cbor": "^7.0.1",
				"signed-varint": "^2.0.1",
				"varint": "^6.0.0"
			},
			"peerDependencies": {
				"@underlay/apg": "^1.2.3"
			}
		},
		"node_modules/@underlay/apg-schema-schema": {
			"version": "1.2.4",
			"resolved": "https://registry.npmjs.org/@underlay/apg-schema-schema/-/apg-schema-schema-1.2.4.tgz",
			"integrity": "sha512-OipPokx7wfrl/n/DODkXw9+Q0m/zM9/NoQzwNRbQOPBArO5LQrkqPXRPEwl5vHiqxZFn8xR47+iFXPtED3QTWg==",
			"dependencies": {
				"@underlay/namespaces": "0.0.2"
			},
			"peerDependencies": {
				"@underlay/apg": "^1.2.3"
			}
		},
		"node_modules/@underlay/namespaces": {
			"version": "0.0.2",
			"resolved": "https://registry.npmjs.org/@underlay/namespaces/-/namespaces-0.0.2.tgz",
			"integrity": "sha512-FsSaQgWepCehQnw847e+SvvxyAcpebO5JsXnuh7lkW9Gk/HKKEClNPIs13qjlrqfb9LpO+CVFnq6g2d59iEavg=="
		},
		"node_modules/ansi-regex": {
			"version": "5.0.0",
			"resolved": "https://registry.npmjs.org/ansi-regex/-/ansi-regex-5.0.0.tgz",
			"integrity": "sha512-bY6fj56OUQ0hU1KjFNDQuJFezqKdrAyFdIevADiqrWHwSlbmBNMHp5ak2f40Pm8JTFyM2mqxkG6ngkHO11f/lg==",
			"engines": {
				"node": ">=8"
			}
		},
		"node_modules/ansi-styles": {
			"version": "4.3.0",
			"resolved": "https://registry.npmjs.org/ansi-styles/-/ansi-styles-4.3.0.tgz",
			"integrity": "sha512-zbB9rCJAT1rbjiVDb2hqKFHNYLxgtk8NURxZ3IZwD3F6NtxbXZQCnnSi1Lkx+IDohdPlFp222wVALIheZJQSEg==",
			"dependencies": {
				"color-convert": "^2.0.1"
			},
			"engines": {
				"node": ">=8"
			}
		},
		"node_modules/bignumber.js": {
			"version": "9.0.1",
			"resolved": "https://registry.npmjs.org/bignumber.js/-/bignumber.js-9.0.1.tgz",
			"integrity": "sha512-IdZR9mh6ahOBv/hYGiXyVuyCetmGJhtYkqLBpTStdhEGjegpPlUawydyaF3pbIOFynJTpllEs+NP+CS9jKFLjA==",
			"engines": {
				"node": "*"
			}
		},
		"node_modules/cbor": {
			"version": "7.0.2",
			"resolved": "https://registry.npmjs.org/cbor/-/cbor-7.0.2.tgz",
			"integrity": "sha512-YR6TF7LBhTqdz0vjtoY5lDnOhHXg8/mdHd2qZYQz5q8Pl7i56/ndiIGLkms1RpkFAqrT9IHGO3cjo58SfFsF2A==",
			"dependencies": {
				"nofilter": "^2.0.0"
			},
			"engines": {
				"node": ">=10.18.0"
			}
		},
		"node_modules/cliui": {
			"version": "7.0.4",
			"resolved": "https://registry.npmjs.org/cliui/-/cliui-7.0.4.tgz",
			"integrity": "sha512-OcRE68cOsVMXp1Yvonl/fzkQOyjLSu/8bhPDfQt0e0/Eb283TKP20Fs2MqoPsr9SwA595rRCA+QMzYc9nBP+JQ==",
			"dependencies": {
				"string-width": "^4.2.0",
				"strip-ansi": "^6.0.0",
				"wrap-ansi": "^7.0.0"
			}
		},
		"node_modules/color-convert": {
			"version": "2.0.1",
			"resolved": "https://registry.npmjs.org/color-convert/-/color-convert-2.0.1.tgz",
			"integrity": "sha512-RRECPsj7iu/xb5oKYcsFHSppFNnsj/52OVTRKb4zP5onXwVF3zVmmToNcOfGC+CRDpfK/U584fMg38ZHCaElKQ==",
			"dependencies": {
				"color-name": "~1.1.4"
			},
			"engines": {
				"node": ">=7.0.0"
			}
		},
		"node_modules/color-name": {
			"version": "1.1.4",
			"resolved": "https://registry.npmjs.org/color-name/-/color-name-1.1.4.tgz",
			"integrity": "sha512-dOy+3AuW3a2wNbZHIuMZpTcgjGuLU/uBL/ubcZF9OXbDo8ff4O8yVp5Bf0efS8uEoYo5q4Fx7dY9OgQGXgAsQA=="
		},
		"node_modules/emoji-regex": {
			"version": "8.0.0",
			"resolved": "https://registry.npmjs.org/emoji-regex/-/emoji-regex-8.0.0.tgz",
			"integrity": "sha512-MSjYzcWNOA0ewAHpz0MxpYFvwg6yjy1NG3xteoqz644VCo/RPgnr1/GGt+ic3iJTzQ8Eu3TdM14SawnVUmGE6A=="
		},
		"node_modules/escalade": {
			"version": "3.1.1",
			"resolved": "https://registry.npmjs.org/escalade/-/escalade-3.1.1.tgz",
			"integrity": "sha512-k0er2gUkLf8O0zKJiAhmkTnJlTvINGv7ygDNPbeIsX/TJjGJZHuh9B2UxbsaEkmlEo9MfhrSzmhIlhRlI2GXnw==",
			"engines": {
				"node": ">=6"
			}
		},
		"node_modules/fp-ts": {
			"version": "2.9.5",
			"resolved": "https://registry.npmjs.org/fp-ts/-/fp-ts-2.9.5.tgz",
			"integrity": "sha512-MiHrA5teO6t8zKArE3DdMPT/Db6v2GUt5yfWnhBTrrsVfeCJUUnV6sgFvjGNBKDmEMqVwRFkEePL7wPwqrLKKA==",
			"dev": true
		},
		"node_modules/get-caller-file": {
			"version": "2.0.5",
			"resolved": "https://registry.npmjs.org/get-caller-file/-/get-caller-file-2.0.5.tgz",
			"integrity": "sha512-DyFP3BM/3YHTQOCUL/w0OZHR0lpKeGrxotcHWcqNEdnltqFwXVfhEBQ94eIo34AfQpo0rGki4cyIiftY06h2Fg==",
			"engines": {
				"node": "6.* || 8.* || >= 10.*"
			}
		},
		"node_modules/io-ts": {
			"version": "2.2.16",
			"resolved": "https://registry.npmjs.org/io-ts/-/io-ts-2.2.16.tgz",
			"integrity": "sha512-y5TTSa6VP6le0hhmIyN0dqEXkrZeJLeC5KApJq6VLci3UEKF80lZ+KuoUs02RhBxNWlrqSNxzfI7otLX1Euv8Q==",
			"dev": true,
			"license": "MIT",
			"peerDependencies": {
				"fp-ts": "^2.5.0"
			}
		},
		"node_modules/is-fullwidth-code-point": {
			"version": "3.0.0",
			"resolved": "https://registry.npmjs.org/is-fullwidth-code-point/-/is-fullwidth-code-point-3.0.0.tgz",
			"integrity": "sha512-zymm5+u+sCsSWyD9qNaejV3DFvhCKclKdizYaJUuHA83RLjb7nSuGnddCHGv0hk+KY7BMAlsWeK4Ueg6EV6XQg==",
			"engines": {
				"node": ">=8"
			}
		},
		"node_modules/nofilter": {
			"version": "2.0.0",
			"resolved": "https://registry.npmjs.org/nofilter/-/nofilter-2.0.0.tgz",
			"integrity": "sha512-i3ck2PUWBa+trsGGBvwS3msnTowbFei5G++BgpOpT7y7VTrprXphMQP5svTdsMLdttKDZFo+5RqVWRqhmf+BwQ==",
			"engines": {
				"node": ">=10.18"
			}
		},
		"node_modules/require-directory": {
			"version": "2.1.1",
			"resolved": "https://registry.npmjs.org/require-directory/-/require-directory-2.1.1.tgz",
			"integrity": "sha1-jGStX9MNqxyXbiNE/+f3kqam30I=",
			"engines": {
				"node": ">=0.10.0"
			}
		},
		"node_modules/signed-varint": {
			"version": "2.0.1",
			"resolved": "https://registry.npmjs.org/signed-varint/-/signed-varint-2.0.1.tgz",
			"integrity": "sha1-UKmYnafJjCxh2tEZvJdHDvhSgSk=",
			"dependencies": {
				"varint": "~5.0.0"
			}
		},
		"node_modules/signed-varint/node_modules/varint": {
			"version": "5.0.2",
			"resolved": "https://registry.npmjs.org/varint/-/varint-5.0.2.tgz",
			"integrity": "sha512-lKxKYG6H03yCZUpAGOPOsMcGxd1RHCu1iKvEHYDPmTyq2HueGhD73ssNBqqQWfvYs04G9iUFRvmAVLW20Jw6ow=="
		},
		"node_modules/string-width": {
			"version": "4.2.0",
			"resolved": "https://registry.npmjs.org/string-width/-/string-width-4.2.0.tgz",
			"integrity": "sha512-zUz5JD+tgqtuDjMhwIg5uFVV3dtqZ9yQJlZVfq4I01/K5Paj5UHj7VyrQOJvzawSVlKpObApbfD0Ed6yJc+1eg==",
			"dependencies": {
				"emoji-regex": "^8.0.0",
				"is-fullwidth-code-point": "^3.0.0",
				"strip-ansi": "^6.0.0"
			},
			"engines": {
				"node": ">=8"
			}
		},
		"node_modules/strip-ansi": {
			"version": "6.0.0",
			"resolved": "https://registry.npmjs.org/strip-ansi/-/strip-ansi-6.0.0.tgz",
			"integrity": "sha512-AuvKTrTfQNYNIctbR1K/YGTR1756GycPsg7b9bdV9Duqur4gv6aKqHXah67Z8ImS7WEz5QVcOtlfW2rZEugt6w==",
			"dependencies": {
				"ansi-regex": "^5.0.0"
			},
			"engines": {
				"node": ">=8"
			}
		},
		"node_modules/typescript": {
			"version": "4.2.3",
			"resolved": "https://registry.npmjs.org/typescript/-/typescript-4.2.3.tgz",
			"integrity": "sha512-qOcYwxaByStAWrBf4x0fibwZvMRG+r4cQoTjbPtUlrWjBHbmCAww1i448U0GJ+3cNNEtebDteo/cHOR3xJ4wEw==",
			"dev": true,
			"bin": {
				"tsc": "bin/tsc",
				"tsserver": "bin/tsserver"
			},
			"engines": {
				"node": ">=4.2.0"
			}
		},
		"node_modules/varint": {
			"version": "6.0.0",
			"resolved": "https://registry.npmjs.org/varint/-/varint-6.0.0.tgz",
			"integrity": "sha512-cXEIW6cfr15lFv563k4GuVuW/fiwjknytD37jIOLSdSWuOI6WnO/oKwmP2FQTU2l01LP8/M5TSAJpzUaGe3uWg=="
		},
		"node_modules/wrap-ansi": {
			"version": "7.0.0",
			"resolved": "https://registry.npmjs.org/wrap-ansi/-/wrap-ansi-7.0.0.tgz",
			"integrity": "sha512-YVGIj2kamLSTxw6NsZjoBxfSwsn0ycdesmc4p+Q21c5zPuZ1pl+NfxVdxPtdHvmNVOQ6XSYG4AUtyt/Fi7D16Q==",
			"dependencies": {
				"ansi-styles": "^4.0.0",
				"string-width": "^4.1.0",
				"strip-ansi": "^6.0.0"
			},
			"engines": {
				"node": ">=10"
			}
		},
		"node_modules/y18n": {
			"version": "5.0.5",
			"resolved": "https://registry.npmjs.org/y18n/-/y18n-5.0.5.tgz",
			"integrity": "sha512-hsRUr4FFrvhhRH12wOdfs38Gy7k2FFzB9qgN9v3aLykRq0dRcdcpz5C9FxdS2NuhOrI/628b/KSTJ3rwHysYSg==",
			"engines": {
				"node": ">=10"
			}
		},
		"node_modules/yargs": {
			"version": "16.2.0",
			"resolved": "https://registry.npmjs.org/yargs/-/yargs-16.2.0.tgz",
			"integrity": "sha512-D1mvvtDG0L5ft/jGWkLpG1+m0eQxOfaBvTNELraWj22wSVUMWxZUvYgJYcKh6jGGIkJFhH4IZPQhR4TKpc8mBw==",
			"dependencies": {
				"cliui": "^7.0.2",
				"escalade": "^3.1.1",
				"get-caller-file": "^2.0.5",
				"require-directory": "^2.1.1",
				"string-width": "^4.2.0",
				"y18n": "^5.0.5",
				"yargs-parser": "^20.2.2"
			},
			"engines": {
				"node": ">=10"
			}
		},
		"node_modules/yargs-parser": {
			"version": "20.2.6",
			"resolved": "https://registry.npmjs.org/yargs-parser/-/yargs-parser-20.2.6.tgz",
			"integrity": "sha512-AP1+fQIWSM/sMiET8fyayjx/J+JmTPt2Mr0FkrgqB4todtfa53sOsrSAcIrJRD5XS20bKUwaDIuMkWKCEiQLKA==",
			"engines": {
				"node": ">=10"
			}
		}
	},
	"dependencies": {
		"@types/node": {
			"version": "14.14.31",
			"resolved": "https://registry.npmjs.org/@types/node/-/node-14.14.31.tgz",
			"integrity": "sha512-vFHy/ezP5qI0rFgJ7aQnjDXwAMrG0KqqIH7tQG5PPv3BWBayOPIQNBjVc/P6hhdZfMx51REc6tfDNXHUio893g=="
		},
		"@types/signed-varint": {
			"version": "git+ssh://git@gist.github.com/b46025b5175e06c1586d714dc0960443.git",
			"from": "@types/signed-varint@gist:b46025b5175e06c1586d714dc0960443"
		},
		"@types/varint": {
			"version": "5.0.0",
			"resolved": "https://registry.npmjs.org/@types/varint/-/varint-5.0.0.tgz",
			"integrity": "sha512-dIJiYqeDnYQ5Bc4mv+E5prqFIQlUTM1yDzwC5VQfL29pcYlm/5q1shY/MjbBT1FQAU5gzKE10DdGbu8B2EoFQg==",
			"requires": {
				"@types/node": "*"
			}
		},
		"@types/yargs": {
			"version": "16.0.0",
			"resolved": "https://registry.npmjs.org/@types/yargs/-/yargs-16.0.0.tgz",
			"integrity": "sha512-2nN6AGeMwe8+O6nO9ytQfbMQOJy65oi1yK2y/9oReR08DaXSGtMsrLyCM1ooKqfICpCx4oITaR4LkOmdzz41Ww==",
			"dev": true,
			"requires": {
				"@types/yargs-parser": "*"
			}
		},
		"@types/yargs-parser": {
			"version": "20.2.0",
			"resolved": "https://registry.npmjs.org/@types/yargs-parser/-/yargs-parser-20.2.0.tgz",
			"integrity": "sha512-37RSHht+gzzgYeobbG+KWryeAW8J33Nhr69cjTqSYymXVZEN9NbRYWoYlRtDhHKPVT1FyNKwaTPC1NynKZpzRA==",
			"dev": true
		},
		"@underlay/apg": {
			"version": "1.2.4",
			"resolved": "https://registry.npmjs.org/@underlay/apg/-/apg-1.2.4.tgz",
			"integrity": "sha512-vTwf1wMVI+BVcMS2cuoeGCpWsnGEUQ5ZqHYPsny2wezJ6GOynzQ+tfn/XTtmotEpurdxUiIntA0Pr60AVg57Tw=="
		},
		"@underlay/apg-format-binary": {
			"version": "1.2.4",
			"resolved": "https://registry.npmjs.org/@underlay/apg-format-binary/-/apg-format-binary-1.2.4.tgz",
			"integrity": "sha512-MaAyuItbQjJ7Tw1ktPhmwhzHBYSTxJjFqA167nvjKOpcMnKYAbbAFhzWUYcEqz950LuCyVhAQQPwJoqf0V52jA==",
			"requires": {
				"@types/signed-varint": "gist:b46025b5175e06c1586d714dc0960443",
				"@types/varint": "^5.0.0",
				"@underlay/namespaces": "0.0.2",
				"bignumber.js": "^9.0.1",
				"cbor": "^7.0.1",
				"signed-varint": "^2.0.1",
				"varint": "^6.0.0"
			}
		},
		"@underlay/apg-schema-schema": {
			"version": "1.2.4",
			"resolved": "https://registry.npmjs.org/@underlay/apg-schema-schema/-/apg-schema-schema-1.2.4.tgz",
			"integrity": "sha512-OipPokx7wfrl/n/DODkXw9+Q0m/zM9/NoQzwNRbQOPBArO5LQrkqPXRPEwl5vHiqxZFn8xR47+iFXPtED3QTWg==",
			"requires": {
				"@underlay/namespaces": "0.0.2"
			}
		},
		"@underlay/namespaces": {
			"version": "0.0.2",
			"resolved": "https://registry.npmjs.org/@underlay/namespaces/-/namespaces-0.0.2.tgz",
			"integrity": "sha512-FsSaQgWepCehQnw847e+SvvxyAcpebO5JsXnuh7lkW9Gk/HKKEClNPIs13qjlrqfb9LpO+CVFnq6g2d59iEavg=="
		},
		"ansi-regex": {
			"version": "5.0.0",
			"resolved": "https://registry.npmjs.org/ansi-regex/-/ansi-regex-5.0.0.tgz",
			"integrity": "sha512-bY6fj56OUQ0hU1KjFNDQuJFezqKdrAyFdIevADiqrWHwSlbmBNMHp5ak2f40Pm8JTFyM2mqxkG6ngkHO11f/lg=="
		},
		"ansi-styles": {
			"version": "4.3.0",
			"resolved": "https://registry.npmjs.org/ansi-styles/-/ansi-styles-4.3.0.tgz",
			"integrity": "sha512-zbB9rCJAT1rbjiVDb2hqKFHNYLxgtk8NURxZ3IZwD3F6NtxbXZQCnnSi1Lkx+IDohdPlFp222wVALIheZJQSEg==",
			"requires": {
				"color-convert": "^2.0.1"
			}
		},
		"bignumber.js": {
			"version": "9.0.1",
			"resolved": "https://registry.npmjs.org/bignumber.js/-/bignumber.js-9.0.1.tgz",
			"integrity": "sha512-IdZR9mh6ahOBv/hYGiXyVuyCetmGJhtYkqLBpTStdhEGjegpPlUawydyaF3pbIOFynJTpllEs+NP+CS9jKFLjA=="
		},
		"cbor": {
			"version": "7.0.2",
			"resolved": "https://registry.npmjs.org/cbor/-/cbor-7.0.2.tgz",
			"integrity": "sha512-YR6TF7LBhTqdz0vjtoY5lDnOhHXg8/mdHd2qZYQz5q8Pl7i56/ndiIGLkms1RpkFAqrT9IHGO3cjo58SfFsF2A==",
			"requires": {
				"nofilter": "^2.0.0"
			}
		},
		"cliui": {
			"version": "7.0.4",
			"resolved": "https://registry.npmjs.org/cliui/-/cliui-7.0.4.tgz",
			"integrity": "sha512-OcRE68cOsVMXp1Yvonl/fzkQOyjLSu/8bhPDfQt0e0/Eb283TKP20Fs2MqoPsr9SwA595rRCA+QMzYc9nBP+JQ==",
			"requires": {
				"string-width": "^4.2.0",
				"strip-ansi": "^6.0.0",
				"wrap-ansi": "^7.0.0"
			}
		},
		"color-convert": {
			"version": "2.0.1",
			"resolved": "https://registry.npmjs.org/color-convert/-/color-convert-2.0.1.tgz",
			"integrity": "sha512-RRECPsj7iu/xb5oKYcsFHSppFNnsj/52OVTRKb4zP5onXwVF3zVmmToNcOfGC+CRDpfK/U584fMg38ZHCaElKQ==",
			"requires": {
				"color-name": "~1.1.4"
			}
		},
		"color-name": {
			"version": "1.1.4",
			"resolved": "https://registry.npmjs.org/color-name/-/color-name-1.1.4.tgz",
			"integrity": "sha512-dOy+3AuW3a2wNbZHIuMZpTcgjGuLU/uBL/ubcZF9OXbDo8ff4O8yVp5Bf0efS8uEoYo5q4Fx7dY9OgQGXgAsQA=="
		},
		"emoji-regex": {
			"version": "8.0.0",
			"resolved": "https://registry.npmjs.org/emoji-regex/-/emoji-regex-8.0.0.tgz",
			"integrity": "sha512-MSjYzcWNOA0ewAHpz0MxpYFvwg6yjy1NG3xteoqz644VCo/RPgnr1/GGt+ic3iJTzQ8Eu3TdM14SawnVUmGE6A=="
		},
		"escalade": {
			"version": "3.1.1",
			"resolved": "https://registry.npmjs.org/escalade/-/escalade-3.1.1.tgz",
			"integrity": "sha512-k0er2gUkLf8O0zKJiAhmkTnJlTvINGv7ygDNPbeIsX/TJjGJZHuh9B2UxbsaEkmlEo9MfhrSzmhIlhRlI2GXnw=="
		},
		"fp-ts": {
			"version": "2.9.5",
			"resolved": "https://registry.npmjs.org/fp-ts/-/fp-ts-2.9.5.tgz",
			"integrity": "sha512-MiHrA5teO6t8zKArE3DdMPT/Db6v2GUt5yfWnhBTrrsVfeCJUUnV6sgFvjGNBKDmEMqVwRFkEePL7wPwqrLKKA==",
			"dev": true
		},
		"get-caller-file": {
			"version": "2.0.5",
			"resolved": "https://registry.npmjs.org/get-caller-file/-/get-caller-file-2.0.5.tgz",
			"integrity": "sha512-DyFP3BM/3YHTQOCUL/w0OZHR0lpKeGrxotcHWcqNEdnltqFwXVfhEBQ94eIo34AfQpo0rGki4cyIiftY06h2Fg=="
		},
		"io-ts": {
			"version": "2.2.16",
			"resolved": "https://registry.npmjs.org/io-ts/-/io-ts-2.2.16.tgz",
			"integrity": "sha512-y5TTSa6VP6le0hhmIyN0dqEXkrZeJLeC5KApJq6VLci3UEKF80lZ+KuoUs02RhBxNWlrqSNxzfI7otLX1Euv8Q==",
			"dev": true,
			"requires": {}
		},
		"is-fullwidth-code-point": {
			"version": "3.0.0",
			"resolved": "https://registry.npmjs.org/is-fullwidth-code-point/-/is-fullwidth-code-point-3.0.0.tgz",
			"integrity": "sha512-zymm5+u+sCsSWyD9qNaejV3DFvhCKclKdizYaJUuHA83RLjb7nSuGnddCHGv0hk+KY7BMAlsWeK4Ueg6EV6XQg=="
		},
		"nofilter": {
			"version": "2.0.0",
			"resolved": "https://registry.npmjs.org/nofilter/-/nofilter-2.0.0.tgz",
			"integrity": "sha512-i3ck2PUWBa+trsGGBvwS3msnTowbFei5G++BgpOpT7y7VTrprXphMQP5svTdsMLdttKDZFo+5RqVWRqhmf+BwQ=="
		},
		"require-directory": {
			"version": "2.1.1",
			"resolved": "https://registry.npmjs.org/require-directory/-/require-directory-2.1.1.tgz",
			"integrity": "sha1-jGStX9MNqxyXbiNE/+f3kqam30I="
		},
		"signed-varint": {
			"version": "2.0.1",
			"resolved": "https://registry.npmjs.org/signed-varint/-/signed-varint-2.0.1.tgz",
			"integrity": "sha1-UKmYnafJjCxh2tEZvJdHDvhSgSk=",
			"requires": {
				"varint": "~5.0.0"
			},
			"dependencies": {
				"varint": {
					"version": "5.0.2",
					"resolved": "https://registry.npmjs.org/varint/-/varint-5.0.2.tgz",
					"integrity": "sha512-lKxKYG6H03yCZUpAGOPOsMcGxd1RHCu1iKvEHYDPmTyq2HueGhD73ssNBqqQWfvYs04G9iUFRvmAVLW20Jw6ow=="
				}
			}
		},
		"string-width": {
			"version": "4.2.0",
			"resolved": "https://registry.npmjs.org/string-width/-/string-width-4.2.0.tgz",
			"integrity": "sha512-zUz5JD+tgqtuDjMhwIg5uFVV3dtqZ9yQJlZVfq4I01/K5Paj5UHj7VyrQOJvzawSVlKpObApbfD0Ed6yJc+1eg==",
			"requires": {
				"emoji-regex": "^8.0.0",
				"is-fullwidth-code-point": "^3.0.0",
				"strip-ansi": "^6.0.0"
			}
		},
		"strip-ansi": {
			"version": "6.0.0",
			"resolved": "https://registry.npmjs.org/strip-ansi/-/strip-ansi-6.0.0.tgz",
			"integrity": "sha512-AuvKTrTfQNYNIctbR1K/YGTR1756GycPsg7b9bdV9Duqur4gv6aKqHXah67Z8ImS7WEz5QVcOtlfW2rZEugt6w==",
			"requires": {
				"ansi-regex": "^5.0.0"
			}
		},
		"typescript": {
			"version": "4.2.3",
			"resolved": "https://registry.npmjs.org/typescript/-/typescript-4.2.3.tgz",
			"integrity": "sha512-qOcYwxaByStAWrBf4x0fibwZvMRG+r4cQoTjbPtUlrWjBHbmCAww1i448U0GJ+3cNNEtebDteo/cHOR3xJ4wEw==",
			"dev": true
		},
		"varint": {
			"version": "6.0.0",
			"resolved": "https://registry.npmjs.org/varint/-/varint-6.0.0.tgz",
			"integrity": "sha512-cXEIW6cfr15lFv563k4GuVuW/fiwjknytD37jIOLSdSWuOI6WnO/oKwmP2FQTU2l01LP8/M5TSAJpzUaGe3uWg=="
		},
		"wrap-ansi": {
			"version": "7.0.0",
			"resolved": "https://registry.npmjs.org/wrap-ansi/-/wrap-ansi-7.0.0.tgz",
			"integrity": "sha512-YVGIj2kamLSTxw6NsZjoBxfSwsn0ycdesmc4p+Q21c5zPuZ1pl+NfxVdxPtdHvmNVOQ6XSYG4AUtyt/Fi7D16Q==",
			"requires": {
				"ansi-styles": "^4.0.0",
				"string-width": "^4.1.0",
				"strip-ansi": "^6.0.0"
			}
		},
		"y18n": {
			"version": "5.0.5",
			"resolved": "https://registry.npmjs.org/y18n/-/y18n-5.0.5.tgz",
			"integrity": "sha512-hsRUr4FFrvhhRH12wOdfs38Gy7k2FFzB9qgN9v3aLykRq0dRcdcpz5C9FxdS2NuhOrI/628b/KSTJ3rwHysYSg=="
		},
		"yargs": {
			"version": "16.2.0",
			"resolved": "https://registry.npmjs.org/yargs/-/yargs-16.2.0.tgz",
			"integrity": "sha512-D1mvvtDG0L5ft/jGWkLpG1+m0eQxOfaBvTNELraWj22wSVUMWxZUvYgJYcKh6jGGIkJFhH4IZPQhR4TKpc8mBw==",
			"requires": {
				"cliui": "^7.0.2",
				"escalade": "^3.1.1",
				"get-caller-file": "^2.0.5",
				"require-directory": "^2.1.1",
				"string-width": "^4.2.0",
				"y18n": "^5.0.5",
				"yargs-parser": "^20.2.2"
			}
		},
		"yargs-parser": {
			"version": "20.2.6",
			"resolved": "https://registry.npmjs.org/yargs-parser/-/yargs-parser-20.2.6.tgz",
			"integrity": "sha512-AP1+fQIWSM/sMiET8fyayjx/J+JmTPt2Mr0FkrgqB4todtfa53sOsrSAcIrJRD5XS20bKUwaDIuMkWKCEiQLKA=="
		}
	}
}
