{
	"name": "@underlay/apg-schema-mapping",
	"version": "1.2.4",
	"lockfileVersion": 2,
	"requires": true,
	"packages": {
		"": {
			"name": "@underlay/apg-schema-mapping",
			"version": "1.2.4",
			"license": "MIT",
			"dependencies": {
				"@underlay/namespaces": "^0.0.3"
			},
			"devDependencies": {
				"@underlay/apg": "^1.2.4",
				"typescript": "^4.2.3"
			},
			"peerDependencies": {
				"@underlay/apg": "^1.2.3"
			}
		},
		"node_modules/@underlay/apg": {
			"version": "1.2.4",
			"resolved": "https://registry.npmjs.org/@underlay/apg/-/apg-1.2.4.tgz",
			"integrity": "sha512-vTwf1wMVI+BVcMS2cuoeGCpWsnGEUQ5ZqHYPsny2wezJ6GOynzQ+tfn/XTtmotEpurdxUiIntA0Pr60AVg57Tw==",
			"dev": true
		},
		"node_modules/@underlay/namespaces": {
			"version": "0.0.3",
			"resolved": "https://registry.npmjs.org/@underlay/namespaces/-/namespaces-0.0.3.tgz",
			"integrity": "sha512-hb3ItGTzCePRlWUuKdFh78AX1g8ttAP/u6uzfxUFxTTx6rIyMuxyhuFqWMR2WNjdTHNtAMO+adoqbppFbjK1Ug==",
			"license": "MIT"
		},
		"node_modules/typescript": {
			"version": "4.2.3",
			"resolved": "https://registry.npmjs.org/typescript/-/typescript-4.2.3.tgz",
			"integrity": "sha512-qOcYwxaByStAWrBf4x0fibwZvMRG+r4cQoTjbPtUlrWjBHbmCAww1i448U0GJ+3cNNEtebDteo/cHOR3xJ4wEw==",
			"dev": true,
			"bin": {
				"tsc": "bin/tsc",
				"tsserver": "bin/tsserver"
			},
			"engines": {
				"node": ">=4.2.0"
			}
		}
	},
	"dependencies": {
		"@underlay/apg": {
			"version": "1.2.4",
			"resolved": "https://registry.npmjs.org/@underlay/apg/-/apg-1.2.4.tgz",
			"integrity": "sha512-vTwf1wMVI+BVcMS2cuoeGCpWsnGEUQ5ZqHYPsny2wezJ6GOynzQ+tfn/XTtmotEpurdxUiIntA0Pr60AVg57Tw==",
			"dev": true
		},
		"@underlay/namespaces": {
			"version": "0.0.3",
			"resolved": "https://registry.npmjs.org/@underlay/namespaces/-/namespaces-0.0.3.tgz",
			"integrity": "sha512-hb3ItGTzCePRlWUuKdFh78AX1g8ttAP/u6uzfxUFxTTx6rIyMuxyhuFqWMR2WNjdTHNtAMO+adoqbppFbjK1Ug=="
		},
		"typescript": {
			"version": "4.2.3",
			"resolved": "https://registry.npmjs.org/typescript/-/typescript-4.2.3.tgz",
			"integrity": "sha512-qOcYwxaByStAWrBf4x0fibwZvMRG+r4cQoTjbPtUlrWjBHbmCAww1i448U0GJ+3cNNEtebDteo/cHOR3xJ4wEw==",
			"dev": true
		}
	}
}
